// !$*UTF8*$!
{
	archiveVersion = 1;
	classes = {
	};
	objectVersion = 46;
	objects = {

/* Begin PBXBuildFile section */
		DE3966BE148C9B51009C1C6F /* libTestFlight.a in Frameworks */ = {isa = PBXBuildFile; fileRef = DE3966BC148C9B50009C1C6F /* libTestFlight.a */; };
		DE3B1571148BBE430034B759 /* FRCDataModel.xcdatamodeld in Sources */ = {isa = PBXBuildFile; fileRef = DE3B156F148BBE430034B759 /* FRCDataModel.xcdatamodeld */; };
		DE3B1577148BBF590034B759 /* CustomCell.m in Sources */ = {isa = PBXBuildFile; fileRef = DE3B1576148BBF590034B759 /* CustomCell.m */; };
		DE3B157A148BBF8E0034B759 /* CoreData.framework in Frameworks */ = {isa = PBXBuildFile; fileRef = DE3B1579148BBF8E0034B759 /* CoreData.framework */; };
		DE3B157D148BC03F0034B759 /* Match.m in Sources */ = {isa = PBXBuildFile; fileRef = DE3B157C148BC03F0034B759 /* Match.m */; };
		DE3B1580148BC0400034B759 /* Team.m in Sources */ = {isa = PBXBuildFile; fileRef = DE3B157F148BC0400034B759 /* Team.m */; };
		DE3B1583148BC0400034B759 /* Details.m in Sources */ = {isa = PBXBuildFile; fileRef = DE3B1582148BC0400034B759 /* Details.m */; };
		DE3B1587148BC0900034B759 /* Rating.m in Sources */ = {isa = PBXBuildFile; fileRef = DE3B1586148BC0900034B759 /* Rating.m */; };
		DE3B158C148BC18D0034B759 /* AddTeamViewController.m in Sources */ = {isa = PBXBuildFile; fileRef = DE3B1589148BC18D0034B759 /* AddTeamViewController.m */; };
		DE3B158D148BC18D0034B759 /* TeamDetailViewController.m in Sources */ = {isa = PBXBuildFile; fileRef = DE3B158B148BC18D0034B759 /* TeamDetailViewController.m */; };
		DE67064C1490FA45008BE3F4 /* TeamList.m in Sources */ = {isa = PBXBuildFile; fileRef = DE67064B1490FA45008BE3F4 /* TeamList.m */; };
		DE72AF31148BAC3100C22487 /* UIKit.framework in Frameworks */ = {isa = PBXBuildFile; fileRef = DE72AF30148BAC3100C22487 /* UIKit.framework */; };
		DE72AF33148BAC3100C22487 /* Foundation.framework in Frameworks */ = {isa = PBXBuildFile; fileRef = DE72AF32148BAC3100C22487 /* Foundation.framework */; };
		DE72AF35148BAC3100C22487 /* CoreGraphics.framework in Frameworks */ = {isa = PBXBuildFile; fileRef = DE72AF34148BAC3100C22487 /* CoreGraphics.framework */; };
		DE72AF3B148BAC3100C22487 /* InfoPlist.strings in Resources */ = {isa = PBXBuildFile; fileRef = DE72AF39148BAC3100C22487 /* InfoPlist.strings */; };
		DE72AF3D148BAC3100C22487 /* main.m in Sources */ = {isa = PBXBuildFile; fileRef = DE72AF3C148BAC3100C22487 /* main.m */; };
		DE72AF41148BAC3100C22487 /* AppDelegate.m in Sources */ = {isa = PBXBuildFile; fileRef = DE72AF40148BAC3100C22487 /* AppDelegate.m */; };
		DE72AF44148BAC3100C22487 /* FirstViewController.m in Sources */ = {isa = PBXBuildFile; fileRef = DE72AF43148BAC3100C22487 /* FirstViewController.m */; };
		DE72AF46148BAC3100C22487 /* first.png in Resources */ = {isa = PBXBuildFile; fileRef = DE72AF45148BAC3100C22487 /* first.png */; };
		DE72AF48148BAC3100C22487 /* first@2x.png in Resources */ = {isa = PBXBuildFile; fileRef = DE72AF47148BAC3100C22487 /* first@2x.png */; };
		DE72AF4B148BAC3100C22487 /* SecondViewController.m in Sources */ = {isa = PBXBuildFile; fileRef = DE72AF4A148BAC3100C22487 /* SecondViewController.m */; };
		DE72AF4D148BAC3100C22487 /* second.png in Resources */ = {isa = PBXBuildFile; fileRef = DE72AF4C148BAC3100C22487 /* second.png */; };
		DE72AF4F148BAC3100C22487 /* second@2x.png in Resources */ = {isa = PBXBuildFile; fileRef = DE72AF4E148BAC3100C22487 /* second@2x.png */; };
		DE72AF52148BAC3100C22487 /* FirstViewController.xib in Resources */ = {isa = PBXBuildFile; fileRef = DE72AF50148BAC3100C22487 /* FirstViewController.xib */; };
		DE72AF55148BAC3100C22487 /* SecondViewController.xib in Resources */ = {isa = PBXBuildFile; fileRef = DE72AF53148BAC3100C22487 /* SecondViewController.xib */; };
		DEE0548F148F944A0069C5A3 /* AddMatchViewController.m in Sources */ = {isa = PBXBuildFile; fileRef = DEE0548E148F944A0069C5A3 /* AddMatchViewController.m */; };
/* End PBXBuildFile section */

/* Begin PBXFileReference section */
		DE3966BC148C9B50009C1C6F /* libTestFlight.a */ = {isa = PBXFileReference; lastKnownFileType = archive.ar; name = libTestFlight.a; path = SDKs/libTestFlight.a; sourceTree = "<group>"; };
		DE3966BD148C9B51009C1C6F /* TestFlight.h */ = {isa = PBXFileReference; fileEncoding = 4; lastKnownFileType = sourcecode.c.h; name = TestFlight.h; path = SDKs/TestFlight.h; sourceTree = "<group>"; };
		DE3B1570148BBE430034B759 /* FRCDataModel.xcdatamodel */ = {isa = PBXFileReference; lastKnownFileType = wrapper.xcdatamodel; path = FRCDataModel.xcdatamodel; sourceTree = "<group>"; };
		DE3B1575148BBF590034B759 /* CustomCell.h */ = {isa = PBXFileReference; fileEncoding = 4; lastKnownFileType = sourcecode.c.h; name = CustomCell.h; path = Custom/CustomCell.h; sourceTree = "<group>"; };
		DE3B1576148BBF590034B759 /* CustomCell.m */ = {isa = PBXFileReference; fileEncoding = 4; lastKnownFileType = sourcecode.c.objc; name = CustomCell.m; path = Custom/CustomCell.m; sourceTree = "<group>"; wrapsLines = 0; };
		DE3B1579148BBF8E0034B759 /* CoreData.framework */ = {isa = PBXFileReference; lastKnownFileType = wrapper.framework; name = CoreData.framework; path = System/Library/Frameworks/CoreData.framework; sourceTree = SDKROOT; };
		DE3B157B148BC03F0034B759 /* Match.h */ = {isa = PBXFileReference; fileEncoding = 4; lastKnownFileType = sourcecode.c.h; name = Match.h; path = Model/Match.h; sourceTree = "<group>"; };
		DE3B157C148BC03F0034B759 /* Match.m */ = {isa = PBXFileReference; fileEncoding = 4; lastKnownFileType = sourcecode.c.objc; name = Match.m; path = Model/Match.m; sourceTree = "<group>"; };
		DE3B157E148BC0400034B759 /* Team.h */ = {isa = PBXFileReference; fileEncoding = 4; lastKnownFileType = sourcecode.c.h; name = Team.h; path = Model/Team.h; sourceTree = "<group>"; };
		DE3B157F148BC0400034B759 /* Team.m */ = {isa = PBXFileReference; fileEncoding = 4; lastKnownFileType = sourcecode.c.objc; name = Team.m; path = Model/Team.m; sourceTree = "<group>"; };
		DE3B1581148BC0400034B759 /* Details.h */ = {isa = PBXFileReference; fileEncoding = 4; lastKnownFileType = sourcecode.c.h; name = Details.h; path = Model/Details.h; sourceTree = "<group>"; };
		DE3B1582148BC0400034B759 /* Details.m */ = {isa = PBXFileReference; fileEncoding = 4; lastKnownFileType = sourcecode.c.objc; name = Details.m; path = Model/Details.m; sourceTree = "<group>"; };
		DE3B1585148BC0900034B759 /* Rating.h */ = {isa = PBXFileReference; fileEncoding = 4; lastKnownFileType = sourcecode.c.h; path = Rating.h; sourceTree = "<group>"; };
		DE3B1586148BC0900034B759 /* Rating.m */ = {isa = PBXFileReference; fileEncoding = 4; lastKnownFileType = sourcecode.c.objc; path = Rating.m; sourceTree = "<group>"; };
		DE3B1588148BC18D0034B759 /* AddTeamViewController.h */ = {isa = PBXFileReference; fileEncoding = 4; lastKnownFileType = sourcecode.c.h; lineEnding = 0; name = AddTeamViewController.h; path = ViewControllers/AddTeamViewController.h; sourceTree = "<group>"; xcLanguageSpecificationIdentifier = xcode.lang.objcpp; };
		DE3B1589148BC18D0034B759 /* AddTeamViewController.m */ = {isa = PBXFileReference; fileEncoding = 4; lastKnownFileType = sourcecode.c.objc; lineEnding = 0; name = AddTeamViewController.m; path = ViewControllers/AddTeamViewController.m; sourceTree = "<group>"; wrapsLines = 0; xcLanguageSpecificationIdentifier = xcode.lang.objc; };
		DE3B158A148BC18D0034B759 /* TeamDetailViewController.h */ = {isa = PBXFileReference; fileEncoding = 4; lastKnownFileType = sourcecode.c.h; name = TeamDetailViewController.h; path = ViewControllers/TeamDetailViewController.h; sourceTree = "<group>"; };
		DE3B158B148BC18D0034B759 /* TeamDetailViewController.m */ = {isa = PBXFileReference; fileEncoding = 4; lastKnownFileType = sourcecode.c.objc; name = TeamDetailViewController.m; path = ViewControllers/TeamDetailViewController.m; sourceTree = "<group>"; };
		DE67064A1490FA45008BE3F4 /* TeamList.h */ = {isa = PBXFileReference; fileEncoding = 4; lastKnownFileType = sourcecode.c.h; name = TeamList.h; path = ViewControllers/TeamList.h; sourceTree = "<group>"; };
		DE67064B1490FA45008BE3F4 /* TeamList.m */ = {isa = PBXFileReference; fileEncoding = 4; lastKnownFileType = sourcecode.c.objc; name = TeamList.m; path = ViewControllers/TeamList.m; sourceTree = "<group>"; };
		DE72AF2C148BAC3100C22487 /* FRC.app */ = {isa = PBXFileReference; explicitFileType = wrapper.application; includeInIndex = 0; path = FRC.app; sourceTree = BUILT_PRODUCTS_DIR; };
		DE72AF30148BAC3100C22487 /* UIKit.framework */ = {isa = PBXFileReference; lastKnownFileType = wrapper.framework; name = UIKit.framework; path = System/Library/Frameworks/UIKit.framework; sourceTree = SDKROOT; };
		DE72AF32148BAC3100C22487 /* Foundation.framework */ = {isa = PBXFileReference; lastKnownFileType = wrapper.framework; name = Foundation.framework; path = System/Library/Frameworks/Foundation.framework; sourceTree = SDKROOT; };
		DE72AF34148BAC3100C22487 /* CoreGraphics.framework */ = {isa = PBXFileReference; lastKnownFileType = wrapper.framework; name = CoreGraphics.framework; path = System/Library/Frameworks/CoreGraphics.framework; sourceTree = SDKROOT; };
		DE72AF38148BAC3100C22487 /* FRC-Info.plist */ = {isa = PBXFileReference; lastKnownFileType = text.plist.xml; path = "FRC-Info.plist"; sourceTree = "<group>"; };
		DE72AF3A148BAC3100C22487 /* en */ = {isa = PBXFileReference; lastKnownFileType = text.plist.strings; name = en; path = en.lproj/InfoPlist.strings; sourceTree = "<group>"; };
		DE72AF3C148BAC3100C22487 /* main.m */ = {isa = PBXFileReference; lastKnownFileType = sourcecode.c.objc; path = main.m; sourceTree = "<group>"; };
		DE72AF3E148BAC3100C22487 /* FRC-Prefix.pch */ = {isa = PBXFileReference; lastKnownFileType = sourcecode.c.h; path = "FRC-Prefix.pch"; sourceTree = "<group>"; };
		DE72AF3F148BAC3100C22487 /* AppDelegate.h */ = {isa = PBXFileReference; lastKnownFileType = sourcecode.c.h; name = AppDelegate.h; path = Other/AppDelegate.h; sourceTree = "<group>"; };
		DE72AF40148BAC3100C22487 /* AppDelegate.m */ = {isa = PBXFileReference; lastKnownFileType = sourcecode.c.objc; name = AppDelegate.m; path = Other/AppDelegate.m; sourceTree = "<group>"; };
		DE72AF42148BAC3100C22487 /* FirstViewController.h */ = {isa = PBXFileReference; lastKnownFileType = sourcecode.c.h; name = FirstViewController.h; path = ViewControllers/FirstViewController.h; sourceTree = "<group>"; };
		DE72AF43148BAC3100C22487 /* FirstViewController.m */ = {isa = PBXFileReference; lastKnownFileType = sourcecode.c.objc; name = FirstViewController.m; path = ViewControllers/FirstViewController.m; sourceTree = "<group>"; wrapsLines = 0; };
		DE72AF45148BAC3100C22487 /* first.png */ = {isa = PBXFileReference; lastKnownFileType = image.png; name = first.png; path = Images/first.png; sourceTree = "<group>"; };
		DE72AF47148BAC3100C22487 /* first@2x.png */ = {isa = PBXFileReference; lastKnownFileType = image.png; name = "first@2x.png"; path = "Images/first@2x.png"; sourceTree = "<group>"; };
		DE72AF49148BAC3100C22487 /* SecondViewController.h */ = {isa = PBXFileReference; lastKnownFileType = sourcecode.c.h; name = SecondViewController.h; path = ViewControllers/SecondViewController.h; sourceTree = "<group>"; };
		DE72AF4A148BAC3100C22487 /* SecondViewController.m */ = {isa = PBXFileReference; lastKnownFileType = sourcecode.c.objc; name = SecondViewController.m; path = ViewControllers/SecondViewController.m; sourceTree = "<group>"; };
		DE72AF4C148BAC3100C22487 /* second.png */ = {isa = PBXFileReference; lastKnownFileType = image.png; name = second.png; path = Images/second.png; sourceTree = "<group>"; };
		DE72AF4E148BAC3100C22487 /* second@2x.png */ = {isa = PBXFileReference; lastKnownFileType = image.png; name = "second@2x.png"; path = "Images/second@2x.png"; sourceTree = "<group>"; };
		DE72AF51148BAC3100C22487 /* en */ = {isa = PBXFileReference; lastKnownFileType = file.xib; name = en; path = en.lproj/FirstViewController.xib; sourceTree = "<group>"; };
		DE72AF54148BAC3100C22487 /* en */ = {isa = PBXFileReference; lastKnownFileType = file.xib; name = en; path = en.lproj/SecondViewController.xib; sourceTree = "<group>"; };
		DEE0548D148F944A0069C5A3 /* AddMatchViewController.h */ = {isa = PBXFileReference; fileEncoding = 4; lastKnownFileType = sourcecode.c.h; name = AddMatchViewController.h; path = ViewControllers/AddMatchViewController.h; sourceTree = "<group>"; };
		DEE0548E148F944A0069C5A3 /* AddMatchViewController.m */ = {isa = PBXFileReference; fileEncoding = 4; lastKnownFileType = sourcecode.c.objc; name = AddMatchViewController.m; path = ViewControllers/AddMatchViewController.m; sourceTree = "<group>"; };
/* End PBXFileReference section */

/* Begin PBXFrameworksBuildPhase section */
		DE72AF29148BAC3100C22487 /* Frameworks */ = {
			isa = PBXFrameworksBuildPhase;
			buildActionMask = 2147483647;
			files = (
				DE3B157A148BBF8E0034B759 /* CoreData.framework in Frameworks */,
				DE72AF31148BAC3100C22487 /* UIKit.framework in Frameworks */,
				DE72AF33148BAC3100C22487 /* Foundation.framework in Frameworks */,
				DE72AF35148BAC3100C22487 /* CoreGraphics.framework in Frameworks */,
				DE3966BE148C9B51009C1C6F /* libTestFlight.a in Frameworks */,
			);
			runOnlyForDeploymentPostprocessing = 0;
		};
/* End PBXFrameworksBuildPhase section */

/* Begin PBXGroup section */
		DE3966BF148C9B55009C1C6F /* TestFlight */ = {
			isa = PBXGroup;
			children = (
				DE3966BC148C9B50009C1C6F /* libTestFlight.a */,
				DE3966BD148C9B51009C1C6F /* TestFlight.h */,
			);
			name = TestFlight;
			sourceTree = "<group>";
		};
		DE3B1573148BBE560034B759 /* Interface */ = {
			isa = PBXGroup;
			children = (
				DE72AF50148BAC3100C22487 /* FirstViewController.xib */,
				DE72AF53148BAC3100C22487 /* SecondViewController.xib */,
			);
			name = Interface;
			sourceTree = "<group>";
		};
		DE3B1574148BBE660034B759 /* Images */ = {
			isa = PBXGroup;
			children = (
				DE72AF45148BAC3100C22487 /* first.png */,
				DE72AF47148BAC3100C22487 /* first@2x.png */,
				DE72AF4C148BAC3100C22487 /* second.png */,
				DE72AF4E148BAC3100C22487 /* second@2x.png */,
			);
			name = Images;
			sourceTree = "<group>";
		};
		DE3B1578148BBF5D0034B759 /* Custom */ = {
			isa = PBXGroup;
			children = (
				DE3B1575148BBF590034B759 /* CustomCell.h */,
				DE3B1576148BBF590034B759 /* CustomCell.m */,
			);
			name = Custom;
			sourceTree = "<group>";
		};
		DE3B1584148BC0460034B759 /* Model */ = {
			isa = PBXGroup;
			children = (
				DE3B1585148BC0900034B759 /* Rating.h */,
				DE3B1586148BC0900034B759 /* Rating.m */,
				DE3B1581148BC0400034B759 /* Details.h */,
				DE3B1582148BC0400034B759 /* Details.m */,
				DE3B157E148BC0400034B759 /* Team.h */,
				DE3B157F148BC0400034B759 /* Team.m */,
				DE3B157B148BC03F0034B759 /* Match.h */,
				DE3B157C148BC03F0034B759 /* Match.m */,
			);
			name = Model;
			sourceTree = "<group>";
		};
		DE72AF21148BAC3000C22487 = {
			isa = PBXGroup;
			children = (
				DE72AF36148BAC3100C22487 /* FRC */,
				DE72AF2F148BAC3100C22487 /* Frameworks */,
				DE72AF2D148BAC3100C22487 /* Products */,
			);
			sourceTree = "<group>";
		};
		DE72AF2D148BAC3100C22487 /* Products */ = {
			isa = PBXGroup;
			children = (
				DE72AF2C148BAC3100C22487 /* FRC.app */,
			);
			name = Products;
			sourceTree = "<group>";
		};
		DE72AF2F148BAC3100C22487 /* Frameworks */ = {
			isa = PBXGroup;
			children = (
				DE72AF34148BAC3100C22487 /* CoreGraphics.framework */,
				DE3B1579148BBF8E0034B759 /* CoreData.framework */,
				DE72AF32148BAC3100C22487 /* Foundation.framework */,
				DE72AF30148BAC3100C22487 /* UIKit.framework */,
			);
			name = Frameworks;
			sourceTree = "<group>";
		};
		DE72AF36148BAC3100C22487 /* FRC */ = {
			isa = PBXGroup;
			children = (
				DE3966BF148C9B55009C1C6F /* TestFlight */,
				DE3B1578148BBF5D0034B759 /* Custom */,
				DE3B1584148BC0460034B759 /* Model */,
				DE72AF3F148BAC3100C22487 /* AppDelegate.h */,
				DE72AF40148BAC3100C22487 /* AppDelegate.m */,
				DE72AF42148BAC3100C22487 /* FirstViewController.h */,
				DE72AF43148BAC3100C22487 /* FirstViewController.m */,
				DE72AF49148BAC3100C22487 /* SecondViewController.h */,
				DE72AF4A148BAC3100C22487 /* SecondViewController.m */,
				DE3B1588148BC18D0034B759 /* AddTeamViewController.h */,
				DE3B1589148BC18D0034B759 /* AddTeamViewController.m */,
				DE3B158A148BC18D0034B759 /* TeamDetailViewController.h */,
				DE3B158B148BC18D0034B759 /* TeamDetailViewController.m */,
				DEE0548D148F944A0069C5A3 /* AddMatchViewController.h */,
				DEE0548E148F944A0069C5A3 /* AddMatchViewController.m */,
				DE67064A1490FA45008BE3F4 /* TeamList.h */,
				DE67064B1490FA45008BE3F4 /* TeamList.m */,
				DE72AF37148BAC3100C22487 /* Supporting Files */,
			);
			path = FRC;
			sourceTree = "<group>";
		};
		DE72AF37148BAC3100C22487 /* Supporting Files */ = {
			isa = PBXGroup;
			children = (
				DE3B1574148BBE660034B759 /* Images */,
				DE3B1573148BBE560034B759 /* Interface */,
				DE3B156F148BBE430034B759 /* FRCDataModel.xcdatamodeld */,
				DE72AF38148BAC3100C22487 /* FRC-Info.plist */,
				DE72AF39148BAC3100C22487 /* InfoPlist.strings */,
				DE72AF3C148BAC3100C22487 /* main.m */,
				DE72AF3E148BAC3100C22487 /* FRC-Prefix.pch */,
			);
			name = "Supporting Files";
			sourceTree = "<group>";
		};
/* End PBXGroup section */

/* Begin PBXNativeTarget section */
		DE72AF2B148BAC3100C22487 /* FRC */ = {
			isa = PBXNativeTarget;
			buildConfigurationList = DE72AF58148BAC3100C22487 /* Build configuration list for PBXNativeTarget "FRC" */;
			buildPhases = (
				DE72AF28148BAC3100C22487 /* Sources */,
				DE72AF29148BAC3100C22487 /* Frameworks */,
				DE72AF2A148BAC3100C22487 /* Resources */,
			);
			buildRules = (
			);
			dependencies = (
			);
			name = FRC;
			productName = FRC;
			productReference = DE72AF2C148BAC3100C22487 /* FRC.app */;
			productType = "com.apple.product-type.application";
		};
/* End PBXNativeTarget section */

/* Begin PBXProject section */
		DE72AF23148BAC3000C22487 /* Project object */ = {
			isa = PBXProject;
			attributes = {
				LastUpgradeCheck = 0420;
			};
			buildConfigurationList = DE72AF26148BAC3000C22487 /* Build configuration list for PBXProject "FRC" */;
			compatibilityVersion = "Xcode 3.2";
			developmentRegion = English;
			hasScannedForEncodings = 0;
			knownRegions = (
				en,
			);
			mainGroup = DE72AF21148BAC3000C22487;
			productRefGroup = DE72AF2D148BAC3100C22487 /* Products */;
			projectDirPath = "";
			projectRoot = "";
			targets = (
				DE72AF2B148BAC3100C22487 /* FRC */,
			);
		};
/* End PBXProject section */

/* Begin PBXResourcesBuildPhase section */
		DE72AF2A148BAC3100C22487 /* Resources */ = {
			isa = PBXResourcesBuildPhase;
			buildActionMask = 2147483647;
			files = (
				DE72AF3B148BAC3100C22487 /* InfoPlist.strings in Resources */,
				DE72AF46148BAC3100C22487 /* first.png in Resources */,
				DE72AF48148BAC3100C22487 /* first@2x.png in Resources */,
				DE72AF4D148BAC3100C22487 /* second.png in Resources */,
				DE72AF4F148BAC3100C22487 /* second@2x.png in Resources */,
				DE72AF52148BAC3100C22487 /* FirstViewController.xib in Resources */,
				DE72AF55148BAC3100C22487 /* SecondViewController.xib in Resources */,
			);
			runOnlyForDeploymentPostprocessing = 0;
		};
/* End PBXResourcesBuildPhase section */

/* Begin PBXSourcesBuildPhase section */
		DE72AF28148BAC3100C22487 /* Sources */ = {
			isa = PBXSourcesBuildPhase;
			buildActionMask = 2147483647;
			files = (
				DE72AF3D148BAC3100C22487 /* main.m in Sources */,
				DE72AF41148BAC3100C22487 /* AppDelegate.m in Sources */,
				DE72AF44148BAC3100C22487 /* FirstViewController.m in Sources */,
				DE72AF4B148BAC3100C22487 /* SecondViewController.m in Sources */,
				DE3B1571148BBE430034B759 /* FRCDataModel.xcdatamodeld in Sources */,
				DE3B1577148BBF590034B759 /* CustomCell.m in Sources */,
				DE3B157D148BC03F0034B759 /* Match.m in Sources */,
				DE3B1580148BC0400034B759 /* Team.m in Sources */,
				DE3B1583148BC0400034B759 /* Details.m in Sources */,
				DE3B1587148BC0900034B759 /* Rating.m in Sources */,
				DE3B158C148BC18D0034B759 /* AddTeamViewController.m in Sources */,
				DE3B158D148BC18D0034B759 /* TeamDetailViewController.m in Sources */,
				DEE0548F148F944A0069C5A3 /* AddMatchViewController.m in Sources */,
				DE67064C1490FA45008BE3F4 /* TeamList.m in Sources */,
			);
			runOnlyForDeploymentPostprocessing = 0;
		};
/* End PBXSourcesBuildPhase section */

/* Begin PBXVariantGroup section */
		DE72AF39148BAC3100C22487 /* InfoPlist.strings */ = {
			isa = PBXVariantGroup;
			children = (
				DE72AF3A148BAC3100C22487 /* en */,
			);
			name = InfoPlist.strings;
			sourceTree = "<group>";
		};
		DE72AF50148BAC3100C22487 /* FirstViewController.xib */ = {
			isa = PBXVariantGroup;
			children = (
				DE72AF51148BAC3100C22487 /* en */,
			);
			name = FirstViewController.xib;
			sourceTree = "<group>";
		};
		DE72AF53148BAC3100C22487 /* SecondViewController.xib */ = {
			isa = PBXVariantGroup;
			children = (
				DE72AF54148BAC3100C22487 /* en */,
			);
			name = SecondViewController.xib;
			sourceTree = "<group>";
		};
/* End PBXVariantGroup section */

/* Begin XCBuildConfiguration section */
		DE72AF56148BAC3100C22487 /* Debug */ = {
			isa = XCBuildConfiguration;
			buildSettings = {
				ALWAYS_SEARCH_USER_PATHS = NO;
				ARCHS = "$(ARCHS_STANDARD_32_BIT)";
				CLANG_ENABLE_OBJC_ARC = YES;
				CODE_SIGN_IDENTITY = "iPhone Developer: R Breton McGuire (BWHNWVJU9A)";
				"CODE_SIGN_IDENTITY[sdk=iphoneos*]" = "iPhone Developer";
				COPY_PHASE_STRIP = NO;
				GCC_C_LANGUAGE_STANDARD = gnu99;
				GCC_DYNAMIC_NO_PIC = NO;
				GCC_OPTIMIZATION_LEVEL = 0;
				GCC_PREPROCESSOR_DEFINITIONS = (
					"DEBUG=1",
					"$(inherited)",
				);
				GCC_SYMBOLS_PRIVATE_EXTERN = NO;
				GCC_VERSION = com.apple.compilers.llvm.clang.1_0;
				GCC_WARN_ABOUT_MISSING_PROTOTYPES = YES;
				GCC_WARN_ABOUT_RETURN_TYPE = YES;
				GCC_WARN_UNUSED_VARIABLE = YES;
				IPHONEOS_DEPLOYMENT_TARGET = 5.0;
				PROVISIONING_PROFILE = "7D0C310C-696E-4E72-8FCE-CEA44B3BB536";
				SDKROOT = iphoneos;
			};
			name = Debug;
		};
		DE72AF57148BAC3100C22487 /* Release */ = {
			isa = XCBuildConfiguration;
			buildSettings = {
				ALWAYS_SEARCH_USER_PATHS = NO;
				ARCHS = "$(ARCHS_STANDARD_32_BIT)";
				CLANG_ENABLE_OBJC_ARC = YES;
				CODE_SIGN_IDENTITY = "iPhone Developer: R Breton McGuire (BWHNWVJU9A)";
				"CODE_SIGN_IDENTITY[sdk=iphoneos*]" = "iPhone Developer";
				COPY_PHASE_STRIP = YES;
				GCC_C_LANGUAGE_STANDARD = gnu99;
				GCC_VERSION = com.apple.compilers.llvm.clang.1_0;
				GCC_WARN_ABOUT_MISSING_PROTOTYPES = YES;
				GCC_WARN_ABOUT_RETURN_TYPE = YES;
				GCC_WARN_UNUSED_VARIABLE = YES;
				IPHONEOS_DEPLOYMENT_TARGET = 5.0;
				OTHER_CFLAGS = "-DNS_BLOCK_ASSERTIONS=1";
				PROVISIONING_PROFILE = "7D0C310C-696E-4E72-8FCE-CEA44B3BB536";
				SDKROOT = iphoneos;
				VALIDATE_PRODUCT = YES;
			};
			name = Release;
		};
		DE72AF59148BAC3100C22487 /* Debug */ = {
			isa = XCBuildConfiguration;
			buildSettings = {
				GCC_PRECOMPILE_PREFIX_HEADER = YES;
				GCC_PREFIX_HEADER = "FRC/FRC-Prefix.pch";
				INFOPLIST_FILE = "FRC/FRC-Info.plist";
				IPHONEOS_DEPLOYMENT_TARGET = 5.0;
				LIBRARY_SEARCH_PATHS = (
					"$(inherited)",
					"\"$(SRCROOT)/FRC/SDKs\"",
				);
				PRODUCT_NAME = "$(TARGET_NAME)";
				WRAPPER_EXTENSION = app;
			};
			name = Debug;
		};
		DE72AF5A148BAC3100C22487 /* Release */ = {
			isa = XCBuildConfiguration;
			buildSettings = {
				GCC_PRECOMPILE_PREFIX_HEADER = YES;
				GCC_PREFIX_HEADER = "FRC/FRC-Prefix.pch";
				INFOPLIST_FILE = "FRC/FRC-Info.plist";
				IPHONEOS_DEPLOYMENT_TARGET = 5.0;
				LIBRARY_SEARCH_PATHS = (
					"$(inherited)",
					"\"$(SRCROOT)/FRC/SDKs\"",
				);
				PRODUCT_NAME = "$(TARGET_NAME)";
				WRAPPER_EXTENSION = app;
			};
			name = Release;
		};
/* End XCBuildConfiguration section */

/* Begin XCConfigurationList section */
		DE72AF26148BAC3000C22487 /* Build configuration list for PBXProject "FRC" */ = {
			isa = XCConfigurationList;
			buildConfigurations = (
				DE72AF56148BAC3100C22487 /* Debug */,
				DE72AF57148BAC3100C22487 /* Release */,
			);
			defaultConfigurationIsVisible = 0;
			defaultConfigurationName = Release;
		};
		DE72AF58148BAC3100C22487 /* Build configuration list for PBXNativeTarget "FRC" */ = {
			isa = XCConfigurationList;
			buildConfigurations = (
				DE72AF59148BAC3100C22487 /* Debug */,
				DE72AF5A148BAC3100C22487 /* Release */,
			);
			defaultConfigurationIsVisible = 0;
			defaultConfigurationName = Release;
		};
/* End XCConfigurationList section */

/* Begin XCVersionGroup section */
		DE3B156F148BBE430034B759 /* FRCDataModel.xcdatamodeld */ = {
			isa = XCVersionGroup;
			children = (
				DE3B1570148BBE430034B759 /* FRCDataModel.xcdatamodel */,
			);
			currentVersion = DE3B1570148BBE430034B759 /* FRCDataModel.xcdatamodel */;
			path = FRCDataModel.xcdatamodeld;
			sourceTree = "<group>";
			versionGroupType = wrapper.xcdatamodel;
		};
/* End XCVersionGroup section */
	};
	rootObject = DE72AF23148BAC3000C22487 /* Project object */;
}
