// !$*UTF8*$!
{
	archiveVersion = 1;
	classes = {
	};
	objectVersion = 46;
	objects = {

/* Begin PBXBuildFile section */
		DE72AF31148BAC3100C22487 /* UIKit.framework in Frameworks */ = {isa = PBXBuildFile; fileRef = DE72AF30148BAC3100C22487 /* UIKit.framework */; };
		DE72AF33148BAC3100C22487 /* Foundation.framework in Frameworks */ = {isa = PBXBuildFile; fileRef = DE72AF32148BAC3100C22487 /* Foundation.framework */; };
		DE72AF35148BAC3100C22487 /* CoreGraphics.framework in Frameworks */ = {isa = PBXBuildFile; fileRef = DE72AF34148BAC3100C22487 /* CoreGraphics.framework */; };
		DE72AF3B148BAC3100C22487 /* InfoPlist.strings in Resources */ = {isa = PBXBuildFile; fileRef = DE72AF39148BAC3100C22487 /* InfoPlist.strings */; };
		DE72AF3D148BAC3100C22487 /* main.m in Sources */ = {isa = PBXBuildFile; fileRef = DE72AF3C148BAC3100C22487 /* main.m */; };
		DE72AF41148BAC3100C22487 /* AppDelegate.m in Sources */ = {isa = PBXBuildFile; fileRef = DE72AF40148BAC3100C22487 /* AppDelegate.m */; };
		DE72AF44148BAC3100C22487 /* FirstViewController.m in Sources */ = {isa = PBXBuildFile; fileRef = DE72AF43148BAC3100C22487 /* FirstViewController.m */; };
		DE72AF46148BAC3100C22487 /* first.png in Resources */ = {isa = PBXBuildFile; fileRef = DE72AF45148BAC3100C22487 /* first.png */; };
		DE72AF48148BAC3100C22487 /* first@2x.png in Resources */ = {isa = PBXBuildFile; fileRef = DE72AF47148BAC3100C22487 /* first@2x.png */; };
		DE72AF4B148BAC3100C22487 /* SecondViewController.m in Sources */ = {isa = PBXBuildFile; fileRef = DE72AF4A148BAC3100C22487 /* SecondViewController.m */; };
		DE72AF4D148BAC3100C22487 /* second.png in Resources */ = {isa = PBXBuildFile; fileRef = DE72AF4C148BAC3100C22487 /* second.png */; };
		DE72AF4F148BAC3100C22487 /* second@2x.png in Resources */ = {isa = PBXBuildFile; fileRef = DE72AF4E148BAC3100C22487 /* second@2x.png */; };
		DE72AF52148BAC3100C22487 /* FirstViewController.xib in Resources */ = {isa = PBXBuildFile; fileRef = DE72AF50148BAC3100C22487 /* FirstViewController.xib */; };
		DE72AF55148BAC3100C22487 /* SecondViewController.xib in Resources */ = {isa = PBXBuildFile; fileRef = DE72AF53148BAC3100C22487 /* SecondViewController.xib */; };
/* End PBXBuildFile section */

/* Begin PBXFileReference section */
		DE72AF2C148BAC3100C22487 /* FRC.app */ = {isa = PBXFileReference; explicitFileType = wrapper.application; includeInIndex = 0; path = FRC.app; sourceTree = BUILT_PRODUCTS_DIR; };
		DE72AF30148BAC3100C22487 /* UIKit.framework */ = {isa = PBXFileReference; lastKnownFileType = wrapper.framework; name = UIKit.framework; path = System/Library/Frameworks/UIKit.framework; sourceTree = SDKROOT; };
		DE72AF32148BAC3100C22487 /* Foundation.framework */ = {isa = PBXFileReference; lastKnownFileType = wrapper.framework; name = Foundation.framework; path = System/Library/Frameworks/Foundation.framework; sourceTree = SDKROOT; };
		DE72AF34148BAC3100C22487 /* CoreGraphics.framework */ = {isa = PBXFileReference; lastKnownFileType = wrapper.framework; name = CoreGraphics.framework; path = System/Library/Frameworks/CoreGraphics.framework; sourceTree = SDKROOT; };
		DE72AF38148BAC3100C22487 /* FRC-Info.plist */ = {isa = PBXFileReference; path = "FRC-Info.plist"; sourceTree = "<group>"; };
		DE72AF3A148BAC3100C22487 /* en */ = {isa = PBXFileReference; lastKnownFileType = text.plist.strings; name = en; path = en.lproj/InfoPlist.strings; sourceTree = "<group>"; };
		DE72AF3C148BAC3100C22487 /* main.m */ = {isa = PBXFileReference; lastKnownFileType = sourcecode.c.objc; path = main.m; sourceTree = "<group>"; };
		DE72AF3E148BAC3100C22487 /* FRC-Prefix.pch */ = {isa = PBXFileReference; path = "FRC-Prefix.pch"; sourceTree = "<group>"; };
		DE72AF3F148BAC3100C22487 /* AppDelegate.h */ = {isa = PBXFileReference; path = AppDelegate.h; sourceTree = "<group>"; };
		DE72AF40148BAC3100C22487 /* AppDelegate.m */ = {isa = PBXFileReference; lastKnownFileType = sourcecode.c.objc; path = AppDelegate.m; sourceTree = "<group>"; };
		DE72AF42148BAC3100C22487 /* FirstViewController.h */ = {isa = PBXFileReference; path = FirstViewController.h; sourceTree = "<group>"; };
		DE72AF43148BAC3100C22487 /* FirstViewController.m */ = {isa = PBXFileReference; lastKnownFileType = sourcecode.c.objc; path = FirstViewController.m; sourceTree = "<group>"; };
		DE72AF45148BAC3100C22487 /* first.png */ = {isa = PBXFileReference; lastKnownFileType = image.png; path = first.png; sourceTree = "<group>"; };
		DE72AF47148BAC3100C22487 /* first@2x.png */ = {isa = PBXFileReference; lastKnownFileType = image.png; path = "first@2x.png"; sourceTree = "<group>"; };
		DE72AF49148BAC3100C22487 /* SecondViewController.h */ = {isa = PBXFileReference; path = SecondViewController.h; sourceTree = "<group>"; };
		DE72AF4A148BAC3100C22487 /* SecondViewController.m */ = {isa = PBXFileReference; lastKnownFileType = sourcecode.c.objc; path = SecondViewController.m; sourceTree = "<group>"; };
		DE72AF4C148BAC3100C22487 /* second.png */ = {isa = PBXFileReference; lastKnownFileType = image.png; path = second.png; sourceTree = "<group>"; };
		DE72AF4E148BAC3100C22487 /* second@2x.png */ = {isa = PBXFileReference; lastKnownFileType = image.png; path = "second@2x.png"; sourceTree = "<group>"; };
		DE72AF51148BAC3100C22487 /* en */ = {isa = PBXFileReference; lastKnownFileType = file.xib; name = en; path = en.lproj/FirstViewController.xib; sourceTree = "<group>"; };
		DE72AF54148BAC3100C22487 /* en */ = {isa = PBXFileReference; lastKnownFileType = file.xib; name = en; path = en.lproj/SecondViewController.xib; sourceTree = "<group>"; };
/* End PBXFileReference section */

/* Begin PBXFrameworksBuildPhase section */
		DE72AF29148BAC3100C22487 /* Frameworks */ = {
			isa = PBXFrameworksBuildPhase;
			buildActionMask = 2147483647;
			files = (
				DE72AF31148BAC3100C22487 /* UIKit.framework in Frameworks */,
				DE72AF33148BAC3100C22487 /* Foundation.framework in Frameworks */,
				DE72AF35148BAC3100C22487 /* CoreGraphics.framework in Frameworks */,
			);
			runOnlyForDeploymentPostprocessing = 0;
		};
/* End PBXFrameworksBuildPhase section */

/* Begin PBXGroup section */
		DE72AF21148BAC3000C22487 = {
			isa = PBXGroup;
			children = (
				DE72AF36148BAC3100C22487 /* FRC */,
				DE72AF2F148BAC3100C22487 /* Frameworks */,
				DE72AF2D148BAC3100C22487 /* Products */,
			);
			sourceTree = "<group>";
		};
		DE72AF2D148BAC3100C22487 /* Products */ = {
			isa = PBXGroup;
			children = (
				DE72AF2C148BAC3100C22487 /* FRC.app */,
			);
			name = Products;
			sourceTree = "<group>";
		};
		DE72AF2F148BAC3100C22487 /* Frameworks */ = {
			isa = PBXGroup;
			children = (
				DE72AF30148BAC3100C22487 /* UIKit.framework */,
				DE72AF32148BAC3100C22487 /* Foundation.framework */,
				DE72AF34148BAC3100C22487 /* CoreGraphics.framework */,
			);
			name = Frameworks;
			sourceTree = "<group>";
		};
		DE72AF36148BAC3100C22487 /* FRC */ = {
			isa = PBXGroup;
			children = (
				DE72AF3F148BAC3100C22487 /* AppDelegate.h */,
				DE72AF40148BAC3100C22487 /* AppDelegate.m */,
				DE72AF42148BAC3100C22487 /* FirstViewController.h */,
				DE72AF43148BAC3100C22487 /* FirstViewController.m */,
				DE72AF45148BAC3100C22487 /* first.png */,
				DE72AF47148BAC3100C22487 /* first@2x.png */,
				DE72AF49148BAC3100C22487 /* SecondViewController.h */,
				DE72AF4A148BAC3100C22487 /* SecondViewController.m */,
				DE72AF4C148BAC3100C22487 /* second.png */,
				DE72AF4E148BAC3100C22487 /* second@2x.png */,
				DE72AF50148BAC3100C22487 /* FirstViewController.xib */,
				DE72AF53148BAC3100C22487 /* SecondViewController.xib */,
				DE72AF37148BAC3100C22487 /* Supporting Files */,
			);
			path = FRC;
			sourceTree = "<group>";
		};
		DE72AF37148BAC3100C22487 /* Supporting Files */ = {
			isa = PBXGroup;
			children = (
				DE72AF38148BAC3100C22487 /* FRC-Info.plist */,
				DE72AF39148BAC3100C22487 /* InfoPlist.strings */,
				DE72AF3C148BAC3100C22487 /* main.m */,
				DE72AF3E148BAC3100C22487 /* FRC-Prefix.pch */,
			);
			name = "Supporting Files";
			sourceTree = "<group>";
		};
/* End PBXGroup section */

/* Begin PBXNativeTarget section */
		DE72AF2B148BAC3100C22487 /* FRC */ = {
			isa = PBXNativeTarget;
			buildConfigurationList = DE72AF58148BAC3100C22487 /* Build configuration list for PBXNativeTarget "FRC" */;
			buildPhases = (
				DE72AF28148BAC3100C22487 /* Sources */,
				DE72AF29148BAC3100C22487 /* Frameworks */,
				DE72AF2A148BAC3100C22487 /* Resources */,
			);
			buildRules = (
			);
			dependencies = (
			);
			name = FRC;
			productName = FRC;
			productReference = DE72AF2C148BAC3100C22487 /* FRC.app */;
			productType = "com.apple.product-type.application";
		};
/* End PBXNativeTarget section */

/* Begin PBXProject section */
		DE72AF23148BAC3000C22487 /* Project object */ = {
			isa = PBXProject;
			attributes = {
				LastUpgradeCheck = 0420;
			};
			buildConfigurationList = DE72AF26148BAC3000C22487 /* Build configuration list for PBXProject "FRC" */;
			compatibilityVersion = "Xcode 3.2";
			developmentRegion = English;
			hasScannedForEncodings = 0;
			knownRegions = (
				en,
			);
			mainGroup = DE72AF21148BAC3000C22487;
			productRefGroup = DE72AF2D148BAC3100C22487 /* Products */;
			projectDirPath = "";
			projectRoot = "";
			targets = (
				DE72AF2B148BAC3100C22487 /* FRC */,
			);
		};
/* End PBXProject section */

/* Begin PBXResourcesBuildPhase section */
		DE72AF2A148BAC3100C22487 /* Resources */ = {
			isa = PBXResourcesBuildPhase;
			buildActionMask = 2147483647;
			files = (
				DE72AF3B148BAC3100C22487 /* InfoPlist.strings in Resources */,
				DE72AF46148BAC3100C22487 /* first.png in Resources */,
				DE72AF48148BAC3100C22487 /* first@2x.png in Resources */,
				DE72AF4D148BAC3100C22487 /* second.png in Resources */,
				DE72AF4F148BAC3100C22487 /* second@2x.png in Resources */,
				DE72AF52148BAC3100C22487 /* FirstViewController.xib in Resources */,
				DE72AF55148BAC3100C22487 /* SecondViewController.xib in Resources */,
			);
			runOnlyForDeploymentPostprocessing = 0;
		};
/* End PBXResourcesBuildPhase section */

/* Begin PBXSourcesBuildPhase section */
		DE72AF28148BAC3100C22487 /* Sources */ = {
			isa = PBXSourcesBuildPhase;
			buildActionMask = 2147483647;
			files = (
				DE72AF3D148BAC3100C22487 /* main.m in Sources */,
				DE72AF41148BAC3100C22487 /* AppDelegate.m in Sources */,
				DE72AF44148BAC3100C22487 /* FirstViewController.m in Sources */,
				DE72AF4B148BAC3100C22487 /* SecondViewController.m in Sources */,
			);
			runOnlyForDeploymentPostprocessing = 0;
		};
/* End PBXSourcesBuildPhase section */

/* Begin PBXVariantGroup section */
		DE72AF39148BAC3100C22487 /* InfoPlist.strings */ = {
			isa = PBXVariantGroup;
			children = (
				DE72AF3A148BAC3100C22487 /* en */,
			);
			name = InfoPlist.strings;
			sourceTree = "<group>";
		};
		DE72AF50148BAC3100C22487 /* FirstViewController.xib */ = {
			isa = PBXVariantGroup;
			children = (
				DE72AF51148BAC3100C22487 /* en */,
			);
			name = FirstViewController.xib;
			sourceTree = "<group>";
		};
		DE72AF53148BAC3100C22487 /* SecondViewController.xib */ = {
			isa = PBXVariantGroup;
			children = (
				DE72AF54148BAC3100C22487 /* en */,
			);
			name = SecondViewController.xib;
			sourceTree = "<group>";
		};
/* End PBXVariantGroup section */

/* Begin XCBuildConfiguration section */
		DE72AF56148BAC3100C22487 /* Debug */ = {
			isa = XCBuildConfiguration;
			buildSettings = {
				ALWAYS_SEARCH_USER_PATHS = NO;
				ARCHS = "$(ARCHS_STANDARD_32_BIT)";
				CLANG_ENABLE_OBJC_ARC = YES;
				"CODE_SIGN_IDENTITY[sdk=iphoneos*]" = "iPhone Developer";
				COPY_PHASE_STRIP = NO;
				GCC_C_LANGUAGE_STANDARD = gnu99;
				GCC_DYNAMIC_NO_PIC = NO;
				GCC_OPTIMIZATION_LEVEL = 0;
				GCC_PREPROCESSOR_DEFINITIONS = (
					"DEBUG=1",
					"$(inherited)",
				);
				GCC_SYMBOLS_PRIVATE_EXTERN = NO;
				GCC_VERSION = com.apple.compilers.llvm.clang.1_0;
				GCC_WARN_ABOUT_MISSING_PROTOTYPES = YES;
				GCC_WARN_ABOUT_RETURN_TYPE = YES;
				GCC_WARN_UNUSED_VARIABLE = YES;
				IPHONEOS_DEPLOYMENT_TARGET = 5.0;
				SDKROOT = iphoneos;
			};
			name = Debug;
		};
		DE72AF57148BAC3100C22487 /* Release */ = {
			isa = XCBuildConfiguration;
			buildSettings = {
				ALWAYS_SEARCH_USER_PATHS = NO;
				ARCHS = "$(ARCHS_STANDARD_32_BIT)";
				CLANG_ENABLE_OBJC_ARC = YES;
				"CODE_SIGN_IDENTITY[sdk=iphoneos*]" = "iPhone Developer";
				COPY_PHASE_STRIP = YES;
				GCC_C_LANGUAGE_STANDARD = gnu99;
				GCC_VERSION = com.apple.compilers.llvm.clang.1_0;
				GCC_WARN_ABOUT_MISSING_PROTOTYPES = YES;
				GCC_WARN_ABOUT_RETURN_TYPE = YES;
				GCC_WARN_UNUSED_VARIABLE = YES;
				IPHONEOS_DEPLOYMENT_TARGET = 5.0;
				OTHER_CFLAGS = "-DNS_BLOCK_ASSERTIONS=1";
				SDKROOT = iphoneos;
				VALIDATE_PRODUCT = YES;
			};
			name = Release;
		};
		DE72AF59148BAC3100C22487 /* Debug */ = {
			isa = XCBuildConfiguration;
			buildSettings = {
				GCC_PRECOMPILE_PREFIX_HEADER = YES;
				GCC_PREFIX_HEADER = "FRC/FRC-Prefix.pch";
				INFOPLIST_FILE = "FRC/FRC-Info.plist";
				PRODUCT_NAME = "$(TARGET_NAME)";
				WRAPPER_EXTENSION = app;
			};
			name = Debug;
		};
		DE72AF5A148BAC3100C22487 /* Release */ = {
			isa = XCBuildConfiguration;
			buildSettings = {
				GCC_PRECOMPILE_PREFIX_HEADER = YES;
				GCC_PREFIX_HEADER = "FRC/FRC-Prefix.pch";
				INFOPLIST_FILE = "FRC/FRC-Info.plist";
				PRODUCT_NAME = "$(TARGET_NAME)";
				WRAPPER_EXTENSION = app;
			};
			name = Release;
		};
/* End XCBuildConfiguration section */

/* Begin XCConfigurationList section */
		DE72AF26148BAC3000C22487 /* Build configuration list for PBXProject "FRC" */ = {
			isa = XCConfigurationList;
			buildConfigurations = (
				DE72AF56148BAC3100C22487 /* Debug */,
				DE72AF57148BAC3100C22487 /* Release */,
			);
			defaultConfigurationIsVisible = 0;
			defaultConfigurationName = Release;
		};
		DE72AF58148BAC3100C22487 /* Build configuration list for PBXNativeTarget "FRC" */ = {
			isa = XCConfigurationList;
			buildConfigurations = (
				DE72AF59148BAC3100C22487 /* Debug */,
				DE72AF5A148BAC3100C22487 /* Release */,
			);
			defaultConfigurationIsVisible = 0;
		};
/* End XCConfigurationList section */
	};
	rootObject = DE72AF23148BAC3000C22487 /* Project object */;
}
